// !$*UTF8*$!
{
	archiveVersion = 1;
	classes = {};
	objectVersion = 56;
	objects = {

/* Begin PBXFileReference section */
		A10000000000000000000001 /* IoTASPApp.app */ = {isa = PBXFileReference; explicitFileType = wrapper.application; includeInIndex = 0; path = IoTASPApp.app; sourceTree = BUILT_PRODUCTS_DIR; };
		A10000000000000000000002 /* IoTASPWatch.app */ = {isa = PBXFileReference; explicitFileType = wrapper.application; includeInIndex = 0; path = IoTASPWatch.app; sourceTree = BUILT_PRODUCTS_DIR; };
		A10000000000000000000010 /* IoTASPApp.swift */ = {isa = PBXFileReference; lastKnownFileType = sourcecode.swift; path = IoTASPApp.swift; sourceTree = "<group>"; };
		A10000000000000000000011 /* ContentView.swift */ = {isa = PBXFileReference; lastKnownFileType = sourcecode.swift; path = ContentView.swift; sourceTree = "<group>"; };
		A10000000000000000000012 /* ASPSessionModel.swift */ = {isa = PBXFileReference; lastKnownFileType = sourcecode.swift; path = ASPSessionModel.swift; sourceTree = "<group>"; };
		A10000000000000000000013 /* RoutePickerRepresentable.swift */ = {isa = PBXFileReference; lastKnownFileType = sourcecode.swift; path = RoutePickerRepresentable.swift; sourceTree = "<group>"; };
		A10000000000000000000014 /* Info.plist */ = {isa = PBXFileReference; lastKnownFileType = text.plist.xml; path = Info.plist; sourceTree = "<group>"; };
		A10000000000000000000015 /* IoTASP.entitlements */ = {isa = PBXFileReference; lastKnownFileType = text.plist.entitlements; path = IoTASP.entitlements; sourceTree = "<group>"; };
		A10000000000000000000020 /* IoTASPWatchApp.swift */ = {isa = PBXFileReference; lastKnownFileType = sourcecode.swift; path = IoTASPWatchApp.swift; sourceTree = "<group>"; };
		A10000000000000000000021 /* WatchContentView.swift */ = {isa = PBXFileReference; lastKnownFileType = sourcecode.swift; path = WatchContentView.swift; sourceTree = "<group>"; };
		A10000000000000000000022 /* WatchSessionModel.swift */ = {isa = PBXFileReference; lastKnownFileType = sourcecode.swift; path = WatchSessionModel.swift; sourceTree = "<group>"; };
		A10000000000000000000023 /* WatchInfo.plist */ = {isa = PBXFileReference; lastKnownFileType = text.plist.xml; name = Info.plist; path = Info.plist; sourceTree = "<group>"; };
		A10000000000000000000030 /* AlarmStateMachine.swift */ = {isa = PBXFileReference; lastKnownFileType = sourcecode.swift; path = AlarmStateMachine.swift; sourceTree = "<group>"; };
		A10000000000000000000031 /* ImpulseDetector.swift */ = {isa = PBXFileReference; lastKnownFileType = sourcecode.swift; path = ImpulseDetector.swift; sourceTree = "<group>"; };
		A10000000000000000000032 /* PhoneMotionLogger.swift */ = {isa = PBXFileReference; lastKnownFileType = sourcecode.swift; path = PhoneMotionLogger.swift; sourceTree = "<group>"; };
		A10000000000000000000033 /* SensorKitGate.swift */ = {isa = PBXFileReference; lastKnownFileType = sourcecode.swift; path = SensorKitGate.swift; sourceTree = "<group>"; };
		A10000000000000000000034 /* FleetConfig.swift */ = {isa = PBXFileReference; lastKnownFileType = sourcecode.swift; path = FleetConfig.swift; sourceTree = "<group>"; };
		A10000000000000000000035 /* ASPAudioSession.swift */ = {isa = PBXFileReference; lastKnownFileType = sourcecode.swift; path = ASPAudioSession.swift; sourceTree = "<group>"; };
		A10000000000000000000036 /* CoreMotionSuite.swift */ = {isa = PBXFileReference; lastKnownFileType = sourcecode.swift; path = CoreMotionSuite.swift; sourceTree = "<group>"; };
		A10000000000000000000039 /* PermissionSequencer.swift */ = {isa = PBXFileReference; lastKnownFileType = sourcecode.swift; path = PermissionSequencer.swift; sourceTree = "<group>"; };
		A10000000000000000000040 /* PhysicalVibChannel.swift */ = {isa = PBXFileReference; lastKnownFileType = sourcecode.swift; path = PhysicalVibChannel.swift; sourceTree = "<group>"; };
		A10000000000000000000041 /* AcousticVibChannel.swift */ = {isa = PBXFileReference; lastKnownFileType = sourcecode.swift; path = AcousticVibChannel.swift; sourceTree = "<group>"; };
		A10000000000000000000042 /* VibChannelPolicy.swift */ = {isa = PBXFileReference; lastKnownFileType = sourcecode.swift; path = VibChannelPolicy.swift; sourceTree = "<group>"; };
		A10000000000000000000043 /* LfAccelProxy.swift */ = {isa = PBXFileReference; lastKnownFileType = sourcecode.swift; path = LfAccelProxy.swift; sourceTree = "<group>"; };
		A10000000000000000000037 /* UltrasonicMicMeter.swift */ = {isa = PBXFileReference; lastKnownFileType = sourcecode.swift; path = UltrasonicMicMeter.swift; sourceTree = "<group>"; };
		A10000000000000000000038 /* UltrasonicMicCapture.swift */ = {isa = PBXFileReference; lastKnownFileType = sourcecode.swift; path = UltrasonicMicCapture.swift; sourceTree = "<group>"; };
/* End PBXFileReference section */

/* Begin PBXGroup section */
		A20000000000000000000001 = {
			isa = PBXGroup;
			children = (
				A20000000000000000000002 /* IoTASPApp */,
				A20000000000000000000003 /* IoTASPWatch */,
				A20000000000000000000004 /* Shared */,
				A20000000000000000000005 /* Products */,
			);
			sourceTree = "<group>";
		};
		A20000000000000000000005 /* Products */ = {
			isa = PBXGroup;
			children = (
				A10000000000000000000001 /* IoTASPApp.app */,
				A10000000000000000000002 /* IoTASPWatch.app */,
			);
			name = Products;
			sourceTree = "<group>";
		};
		A20000000000000000000002 /* IoTASPApp */ = {
			isa = PBXGroup;
			children = (
				A10000000000000000000010 /* IoTASPApp.swift */,
				A20000000000000000000006 /* Views */,
				A20000000000000000000007 /* Services */,
				A10000000000000000000014 /* Info.plist */,
				A10000000000000000000015 /* IoTASP.entitlements */,
			);
			path = IoTASPApp;
			sourceTree = "<group>";
		};
		A20000000000000000000006 /* Views */ = {
			isa = PBXGroup;
			children = (
				A10000000000000000000011 /* ContentView.swift */,
				A10000000000000000000013 /* RoutePickerRepresentable.swift */,
			);
			path = Views;
			sourceTree = "<group>";
		};
		A20000000000000000000007 /* Services */ = {
			isa = PBXGroup;
			children = (
				A10000000000000000000012 /* ASPSessionModel.swift */,
			);
			path = Services;
			sourceTree = "<group>";
		};
		A20000000000000000000003 /* IoTASPWatch */ = {
			isa = PBXGroup;
			children = (
				A10000000000000000000020 /* IoTASPWatchApp.swift */,
				A10000000000000000000021 /* WatchContentView.swift */,
				A10000000000000000000022 /* WatchSessionModel.swift */,
				A10000000000000000000023 /* WatchInfo.plist */,
			);
			path = IoTASPWatch;
			sourceTree = "<group>";
		};
		A20000000000000000000004 /* Shared */ = {
			isa = PBXGroup;
			children = (
				A20000000000000000000008 /* Alarm */,
				A20000000000000000000009 /* Sensors */,
				A2000000000000000000000A /* Fleet */,
				A2000000000000000000000B /* Audio */,
			);
			path = Shared;
			sourceTree = "<group>";
		};
		A20000000000000000000008 /* Alarm */ = {
			isa = PBXGroup;
			children = ( A10000000000000000000030 /* AlarmStateMachine.swift */, );
			path = Alarm;
			sourceTree = "<group>";
		};
		A20000000000000000000009 /* Sensors */ = {
			isa = PBXGroup;
			children = (
				A10000000000000000000031 /* ImpulseDetector.swift */,
				A10000000000000000000032 /* PhoneMotionLogger.swift */,
				A10000000000000000000033 /* SensorKitGate.swift */,
				A10000000000000000000036 /* CoreMotionSuite.swift */,
				A10000000000000000000039 /* PermissionSequencer.swift */,
				A10000000000000000000040 /* PhysicalVibChannel.swift */,
				A10000000000000000000041 /* AcousticVibChannel.swift */,
				A10000000000000000000042 /* VibChannelPolicy.swift */,
				A10000000000000000000043 /* LfAccelProxy.swift */,
			);
			path = Sensors;
			sourceTree = "<group>";
		};
		A2000000000000000000000A /* Fleet */ = {
			isa = PBXGroup;
			children = ( A10000000000000000000034 /* FleetConfig.swift */, );
			path = Fleet;
			sourceTree = "<group>";
		};
		A2000000000000000000000B /* Audio */ = {
			isa = PBXGroup;
			children = (
				A10000000000000000000035 /* ASPAudioSession.swift */,
				A10000000000000000000037 /* UltrasonicMicMeter.swift */,
				A10000000000000000000038 /* UltrasonicMicCapture.swift */,
			);
			path = Audio;
			sourceTree = "<group>";
		};
/* End PBXGroup section */

/* Begin PBXNativeTarget section */
		A30000000000000000000001 /* IoTASP */ = {
			isa = PBXNativeTarget;
			buildConfigurationList = A50000000000000000000001 /* Build configuration list for PBXNativeTarget "IoTASP" */;
			buildPhases = (
				A40000000000000000000001 /* Sources */,
				A40000000000000000000003 /* Embed Watch Content */,
			);
			buildRules = ();
			dependencies = (
				A60000000000000000000001 /* PBXTargetDependency */,
			);
			name = IoTASP;
			productName = IoTASPApp;
			productReference = A10000000000000000000001 /* IoTASPApp.app */;
			productType = "com.apple.product-type.application";
		};
		A30000000000000000000002 /* IoTASPWatch */ = {
			isa = PBXNativeTarget;
			buildConfigurationList = A50000000000000000000002 /* Build configuration list for PBXNativeTarget "IoTASPWatch" */;
			buildPhases = (
				A40000000000000000000002 /* Sources */,
			);
			buildRules = ();
			dependencies = ();
			name = IoTASPWatch;
			productName = IoTASPWatch;
			productReference = A10000000000000000000002 /* IoTASPWatch.app */;
			productType = "com.apple.product-type.application.watchapp2";
		};
/* End PBXNativeTarget section */

/* Begin PBXCopyFilesBuildPhase section */
		A40000000000000000000003 /* Embed Watch Content */ = {
			isa = PBXCopyFilesBuildPhase;
			buildActionMask = 2147483647;
			dstPath = "$(CONTENTS_FOLDER_PATH)/Watch";
			dstSubfolderSpec = 16;
			files = (
				A80000000000000000000002 /* IoTASPWatch.app in Embed Watch Content */,
			);
			name = "Embed Watch Content";
			runOnlyForDeploymentPostprocessing = 0;
		};
/* End PBXCopyFilesBuildPhase section */

/* Begin PBXProject section */
		A70000000000000000000001 /* Project object */ = {
			isa = PBXProject;
			attributes = {
				BuildIndependentTargetsInParallel = 1;
				LastSwiftUpdateCheck = 1500;
				LastUpgradeCheck = 1500;
			};
			buildConfigurationList = A50000000000000000000003 /* Build configuration list for PBXProject "IoTASP" */;
			compatibilityVersion = "Xcode 14.0";
			developmentRegion = en;
			hasScannedForEncodings = 0;
			knownRegions = ( en, Base, );
			mainGroup = A20000000000000000000001;
			productRefGroup = A20000000000000000000005 /* Products */;
			projectDirPath = "";
			projectRoot = "";
			targets = (
				A30000000000000000000001 /* IoTASP */,
				A30000000000000000000002 /* IoTASPWatch */,
			);
		};
/* End PBXProject section */

/* Begin PBXSourcesBuildPhase section */
		A40000000000000000000001 /* Sources */ = {
			isa = PBXSourcesBuildPhase;
			buildActionMask = 2147483647;
			files = (
				A80000000000000000000010 /* IoTASPApp.swift in Sources */,
				A80000000000000000000011 /* ContentView.swift in Sources */,
				A80000000000000000000012 /* ASPSessionModel.swift in Sources */,
				A80000000000000000000013 /* RoutePickerRepresentable.swift in Sources */,
				A80000000000000000000030 /* AlarmStateMachine.swift in Sources */,
				A80000000000000000000031 /* ImpulseDetector.swift in Sources */,
				A80000000000000000000032 /* PhoneMotionLogger.swift in Sources */,
				A80000000000000000000033 /* SensorKitGate.swift in Sources */,
				A80000000000000000000034 /* FleetConfig.swift in Sources */,
				A80000000000000000000035 /* ASPAudioSession.swift in Sources */,
				A80000000000000000000036 /* CoreMotionSuite.swift in Sources */,
				A80000000000000000000037 /* UltrasonicMicMeter.swift in Sources */,
				A80000000000000000000038 /* UltrasonicMicCapture.swift in Sources */,
				A80000000000000000000039 /* PermissionSequencer.swift in Sources */,
				A80000000000000000000040 /* PhysicalVibChannel.swift in Sources */,
				A80000000000000000000041 /* AcousticVibChannel.swift in Sources */,
				A80000000000000000000042 /* VibChannelPolicy.swift in Sources */,
				A80000000000000000000043 /* LfAccelProxy.swift in Sources */,
			);
			runOnlyForDeploymentPostprocessing = 0;
		};
		A40000000000000000000002 /* Sources */ = {
			isa = PBXSourcesBuildPhase;
			buildActionMask = 2147483647;
			files = (
				A80000000000000000000020 /* IoTASPWatchApp.swift in Sources */,
				A80000000000000000000021 /* WatchContentView.swift in Sources */,
				A80000000000000000000022 /* WatchSessionModel.swift in Sources */,
				A80000000000000000000030 /* AlarmStateMachine.swift in Sources */,
				A80000000000000000000031 /* ImpulseDetector.swift in Sources */,
				A80000000000000000000034 /* FleetConfig.swift in Sources */,
				A80000000000000000000036 /* CoreMotionSuite.swift in Sources */,
				A80000000000000000000037 /* UltrasonicMicMeter.swift in Sources */,
				A80000000000000000000039 /* PermissionSequencer.swift in Sources */,
				A80000000000000000000040 /* PhysicalVibChannel.swift in Sources */,
				A80000000000000000000041 /* AcousticVibChannel.swift in Sources */,
				A80000000000000000000042 /* VibChannelPolicy.swift in Sources */,
				A80000000000000000000043 /* LfAccelProxy.swift in Sources */,
			);
			runOnlyForDeploymentPostprocessing = 0;
		};
/* End PBXSourcesBuildPhase section */

/* Begin PBXBuildFile section */
		A80000000000000000000002 /* IoTASPWatch.app in Embed Watch Content */ = {isa = PBXBuildFile; fileRef = A10000000000000000000002 /* IoTASPWatch.app */; settings = {ATTRIBUTES = (RemoveHeadersOnCopy, ); }; };
		A80000000000000000000010 /* IoTASPApp.swift in Sources */ = {isa = PBXBuildFile; fileRef = A10000000000000000000010 /* IoTASPApp.swift */; };
		A80000000000000000000011 /* ContentView.swift in Sources */ = {isa = PBXBuildFile; fileRef = A10000000000000000000011 /* ContentView.swift */; };
		A80000000000000000000012 /* ASPSessionModel.swift in Sources */ = {isa = PBXBuildFile; fileRef = A10000000000000000000012 /* ASPSessionModel.swift */; };
		A80000000000000000000013 /* RoutePickerRepresentable.swift in Sources */ = {isa = PBXBuildFile; fileRef = A10000000000000000000013 /* RoutePickerRepresentable.swift */; };
		A80000000000000000000020 /* IoTASPWatchApp.swift in Sources */ = {isa = PBXBuildFile; fileRef = A10000000000000000000020 /* IoTASPWatchApp.swift */; };
		A80000000000000000000021 /* WatchContentView.swift in Sources */ = {isa = PBXBuildFile; fileRef = A10000000000000000000021 /* WatchContentView.swift */; };
		A80000000000000000000022 /* WatchSessionModel.swift in Sources */ = {isa = PBXBuildFile; fileRef = A10000000000000000000022 /* WatchSessionModel.swift */; };
		A80000000000000000000030 /* AlarmStateMachine.swift in Sources */ = {isa = PBXBuildFile; fileRef = A10000000000000000000030 /* AlarmStateMachine.swift */; };
		A80000000000000000000031 /* ImpulseDetector.swift in Sources */ = {isa = PBXBuildFile; fileRef = A10000000000000000000031 /* ImpulseDetector.swift */; };
		A80000000000000000000032 /* PhoneMotionLogger.swift in Sources */ = {isa = PBXBuildFile; fileRef = A10000000000000000000032 /* PhoneMotionLogger.swift */; };
		A80000000000000000000033 /* SensorKitGate.swift in Sources */ = {isa = PBXBuildFile; fileRef = A10000000000000000000033 /* SensorKitGate.swift */; };
		A80000000000000000000034 /* FleetConfig.swift in Sources */ = {isa = PBXBuildFile; fileRef = A10000000000000000000034 /* FleetConfig.swift */; };
		A80000000000000000000035 /* ASPAudioSession.swift in Sources */ = {isa = PBXBuildFile; fileRef = A10000000000000000000035 /* ASPAudioSession.swift */; };
		A80000000000000000000036 /* CoreMotionSuite.swift in Sources */ = {isa = PBXBuildFile; fileRef = A10000000000000000000036 /* CoreMotionSuite.swift */; };
		A80000000000000000000037 /* UltrasonicMicMeter.swift in Sources */ = {isa = PBXBuildFile; fileRef = A10000000000000000000037 /* UltrasonicMicMeter.swift */; };
		A80000000000000000000038 /* UltrasonicMicCapture.swift in Sources */ = {isa = PBXBuildFile; fileRef = A10000000000000000000038 /* UltrasonicMicCapture.swift */; };
		A80000000000000000000039 /* PermissionSequencer.swift in Sources */ = {isa = PBXBuildFile; fileRef = A10000000000000000000039 /* PermissionSequencer.swift */; };
		A80000000000000000000040 /* PhysicalVibChannel.swift in Sources */ = {isa = PBXBuildFile; fileRef = A10000000000000000000040 /* PhysicalVibChannel.swift */; };
		A80000000000000000000041 /* AcousticVibChannel.swift in Sources */ = {isa = PBXBuildFile; fileRef = A10000000000000000000041 /* AcousticVibChannel.swift */; };
		A80000000000000000000042 /* VibChannelPolicy.swift in Sources */ = {isa = PBXBuildFile; fileRef = A10000000000000000000042 /* VibChannelPolicy.swift */; };
		A80000000000000000000043 /* LfAccelProxy.swift in Sources */ = {isa = PBXBuildFile; fileRef = A10000000000000000000043 /* LfAccelProxy.swift */; };
/* End PBXBuildFile section */

/* Begin PBXContainerItemProxy section */
		A90000000000000000000001 /* PBXContainerItemProxy */ = {
			isa = PBXContainerItemProxy;
			containerPortal = A70000000000000000000001 /* Project object */;
			proxyType = 1;
			remoteGlobalIDString = A30000000000000000000002;
			remoteInfo = IoTASPWatch;
		};
/* End PBXContainerItemProxy section */

/* Begin PBXTargetDependency section */
		A60000000000000000000001 /* PBXTargetDependency */ = {
			isa = PBXTargetDependency;
			target = A30000000000000000000002 /* IoTASPWatch */;
			targetProxy = A90000000000000000000001 /* PBXContainerItemProxy */;
		};
/* End PBXTargetDependency section */

/* Begin XCBuildConfiguration section */
		AA0000000000000000000001 /* Debug */ = {
			isa = XCBuildConfiguration;
			buildSettings = {
				ALWAYS_SEARCH_USER_PATHS = NO;
				CLANG_ENABLE_MODULES = YES;
				COPY_PHASE_STRIP = NO;
				DEBUG_INFORMATION_FORMAT = dwarf;
				IPHONEOS_DEPLOYMENT_TARGET = 16.0;
				ONLY_ACTIVE_ARCH = YES;
				SDKROOT = iphoneos;
				SWIFT_VERSION = 5.0;
				WATCHOS_DEPLOYMENT_TARGET = 9.0;
			};
			name = Debug;
		};
		AA0000000000000000000002 /* Release */ = {
			isa = XCBuildConfiguration;
			buildSettings = {
				ALWAYS_SEARCH_USER_PATHS = NO;
				CLANG_ENABLE_MODULES = YES;
				IPHONEOS_DEPLOYMENT_TARGET = 16.0;
				SDKROOT = iphoneos;
				SWIFT_VERSION = 5.0;
				WATCHOS_DEPLOYMENT_TARGET = 9.0;
			};
			name = Release;
		};
		AA0000000000000000000010 /* Debug */ = {
			isa = XCBuildConfiguration;
			buildSettings = {
				CODE_SIGN_ENTITLEMENTS = IoTASPApp/IoTASP.entitlements;
				CODE_SIGN_STYLE = Automatic;
				GENERATE_INFOPLIST_FILE = NO;
				INFOPLIST_FILE = IoTASPApp/Info.plist;
				LD_RUNPATH_SEARCH_PATHS = "$(inherited) @executable_path/Frameworks";
				PRODUCT_BUNDLE_IDENTIFIER = io.bearresearch.iotasp;
				PRODUCT_NAME = IoTASPApp;
				SDKROOT = iphoneos;
				TARGETED_DEVICE_FAMILY = "1,2";
			};
			name = Debug;
		};
		AA0000000000000000000011 /* Release */ = {
			isa = XCBuildConfiguration;
			buildSettings = {
				CODE_SIGN_ENTITLEMENTS = IoTASPApp/IoTASP.entitlements;
				CODE_SIGN_STYLE = Automatic;
				GENERATE_INFOPLIST_FILE = NO;
				INFOPLIST_FILE = IoTASPApp/Info.plist;
				LD_RUNPATH_SEARCH_PATHS = "$(inherited) @executable_path/Frameworks";
				PRODUCT_BUNDLE_IDENTIFIER = io.bearresearch.iotasp;
				PRODUCT_NAME = IoTASPApp;
				SDKROOT = iphoneos;
				TARGETED_DEVICE_FAMILY = "1,2";
			};
			name = Release;
		};
		AA0000000000000000000020 /* Debug */ = {
			isa = XCBuildConfiguration;
			buildSettings = {
				CODE_SIGN_STYLE = Automatic;
				GENERATE_INFOPLIST_FILE = NO;
				INFOPLIST_FILE = IoTASPWatch/Info.plist;
				LD_RUNPATH_SEARCH_PATHS = "$(inherited) @executable_path/Frameworks";
				PRODUCT_BUNDLE_IDENTIFIER = io.bearresearch.iotasp.watchkitapp;
				PRODUCT_NAME = IoTASPWatch;
				SDKROOT = watchos;
				SKIP_INSTALL = YES;
				TARGETED_DEVICE_FAMILY = 4;
			};
			name = Debug;
		};
		AA0000000000000000000021 /* Release */ = {
			isa = XCBuildConfiguration;
			buildSettings = {
				CODE_SIGN_STYLE = Automatic;
				GENERATE_INFOPLIST_FILE = NO;
				INFOPLIST_FILE = IoTASPWatch/Info.plist;
				LD_RUNPATH_SEARCH_PATHS = "$(inherited) @executable_path/Frameworks";
				PRODUCT_BUNDLE_IDENTIFIER = io.bearresearch.iotasp.watchkitapp;
				PRODUCT_NAME = IoTASPWatch;
				SDKROOT = watchos;
				SKIP_INSTALL = YES;
				TARGETED_DEVICE_FAMILY = 4;
			};
			name = Release;
		};
/* End XCBuildConfiguration section */

/* Begin XCConfigurationList section */
		A50000000000000000000001 /* Build configuration list for PBXNativeTarget "IoTASP" */ = {
			isa = XCConfigurationList;
			buildConfigurations = (
				AA0000000000000000000010 /* Debug */,
				AA0000000000000000000011 /* Release */,
			);
			defaultConfigurationIsVisible = 0;
			defaultConfigurationName = Release;
		};
		A50000000000000000000002 /* Build configuration list for PBXNativeTarget "IoTASPWatch" */ = {
			isa = XCConfigurationList;
			buildConfigurations = (
				AA0000000000000000000020 /* Debug */,
				AA0000000000000000000021 /* Release */,
			);
			defaultConfigurationIsVisible = 0;
			defaultConfigurationName = Release;
		};
		A50000000000000000000003 /* Build configuration list for PBXProject "IoTASP" */ = {
			isa = XCConfigurationList;
			buildConfigurations = (
				AA0000000000000000000001 /* Debug */,
				AA0000000000000000000002 /* Release */,
			);
			defaultConfigurationIsVisible = 0;
			defaultConfigurationName = Release;
		};
/* End XCConfigurationList section */
	};
	rootObject = A70000000000000000000001 /* Project object */;
}
